// !$*UTF8*$!
{
	archiveVersion = 1;
	classes = {
	};
	objectVersion = 46;
	objects = {

/* Begin PBXBuildFile section */
		523A21921DF8869D00F99370 /* AppDelegate.swift in Sources */ = {isa = PBXBuildFile; fileRef = 523A21911DF8869D00F99370 /* AppDelegate.swift */; };
		523A21971DF8869D00F99370 /* Main.storyboard in Resources */ = {isa = PBXBuildFile; fileRef = 523A21951DF8869D00F99370 /* Main.storyboard */; };
		523A21991DF8869D00F99370 /* Assets.xcassets in Resources */ = {isa = PBXBuildFile; fileRef = 523A21981DF8869D00F99370 /* Assets.xcassets */; };
		523A219C1DF8869D00F99370 /* LaunchScreen.storyboard in Resources */ = {isa = PBXBuildFile; fileRef = 523A219A1DF8869D00F99370 /* LaunchScreen.storyboard */; };
		523A21A71DF8869E00F99370 /* taptactoeTests.swift in Sources */ = {isa = PBXBuildFile; fileRef = 523A21A61DF8869E00F99370 /* taptactoeTests.swift */; };
		523A21B21DF88AA600F99370 /* BoardViewController.swift in Sources */ = {isa = PBXBuildFile; fileRef = 523A21B11DF88AA600F99370 /* BoardViewController.swift */; };
		523A21BA1DF88C4900F99370 /* Board.swift in Sources */ = {isa = PBXBuildFile; fileRef = 523A21B91DF88C4900F99370 /* Board.swift */; };
		523A21C21DF89E3500F99370 /* BoardCoordinator.swift in Sources */ = {isa = PBXBuildFile; fileRef = 523A21C11DF89E3500F99370 /* BoardCoordinator.swift */; };
		523A21C61DF9196000F99370 /* Game.swift in Sources */ = {isa = PBXBuildFile; fileRef = 523A21C51DF9196000F99370 /* Game.swift */; };
		527893E31DFB1C1B00EEF5A6 /* RootViewController.swift in Sources */ = {isa = PBXBuildFile; fileRef = 527893E21DFB1C1B00EEF5A6 /* RootViewController.swift */; };
		527893E91DFF2BA100EEF5A6 /* HeaderViewController.swift in Sources */ = {isa = PBXBuildFile; fileRef = 527893E81DFF2BA100EEF5A6 /* HeaderViewController.swift */; };
		527893EB1DFF320F00EEF5A6 /* FooterViewController.swift in Sources */ = {isa = PBXBuildFile; fileRef = 527893EA1DFF320F00EEF5A6 /* FooterViewController.swift */; };
		527893ED1E003C6F00EEF5A6 /* PlayerType.swift in Sources */ = {isa = PBXBuildFile; fileRef = 527893EC1E003C6F00EEF5A6 /* PlayerType.swift */; };
		527893EF1E006F4A00EEF5A6 /* Turn.swift in Sources */ = {isa = PBXBuildFile; fileRef = 527893EE1E006F4A00EEF5A6 /* Turn.swift */; };
		527893F51E017E3D00EEF5A6 /* UIKit+Extensions.swift in Sources */ = {isa = PBXBuildFile; fileRef = 527893F41E017E3D00EEF5A6 /* UIKit+Extensions.swift */; };
		527893F71E01834D00EEF5A6 /* Outcome.swift in Sources */ = {isa = PBXBuildFile; fileRef = 527893F61E01834D00EEF5A6 /* Outcome.swift */; };
		527893F91E01889600EEF5A6 /* SquareView.swift in Sources */ = {isa = PBXBuildFile; fileRef = 527893F81E01889600EEF5A6 /* SquareView.swift */; };
		527893FB1E01894800EEF5A6 /* Transform.swift in Sources */ = {isa = PBXBuildFile; fileRef = 527893FA1E01894800EEF5A6 /* Transform.swift */; };
/* End PBXBuildFile section */

/* Begin PBXContainerItemProxy section */
		523A21A31DF8869E00F99370 /* PBXContainerItemProxy */ = {
			isa = PBXContainerItemProxy;
			containerPortal = 523A21861DF8869D00F99370 /* Project object */;
			proxyType = 1;
			remoteGlobalIDString = 523A218D1DF8869D00F99370;
			remoteInfo = taptactoe;
		};
/* End PBXContainerItemProxy section */

/* Begin PBXFileReference section */
		523A218E1DF8869D00F99370 /* Tap Tac Toe.app */ = {isa = PBXFileReference; explicitFileType = wrapper.application; includeInIndex = 0; path = "Tap Tac Toe.app"; sourceTree = BUILT_PRODUCTS_DIR; };
		523A21911DF8869D00F99370 /* AppDelegate.swift */ = {isa = PBXFileReference; lastKnownFileType = sourcecode.swift; path = AppDelegate.swift; sourceTree = "<group>"; };
		523A21961DF8869D00F99370 /* Base */ = {isa = PBXFileReference; lastKnownFileType = file.storyboard; name = Base; path = Base.lproj/Main.storyboard; sourceTree = "<group>"; };
		523A21981DF8869D00F99370 /* Assets.xcassets */ = {isa = PBXFileReference; lastKnownFileType = folder.assetcatalog; path = Assets.xcassets; sourceTree = "<group>"; };
		523A219B1DF8869D00F99370 /* Base */ = {isa = PBXFileReference; lastKnownFileType = file.storyboard; name = Base; path = Base.lproj/LaunchScreen.storyboard; sourceTree = "<group>"; };
		523A219D1DF8869D00F99370 /* Info.plist */ = {isa = PBXFileReference; lastKnownFileType = text.plist.xml; path = Info.plist; sourceTree = "<group>"; };
		523A21A21DF8869E00F99370 /* taptactoeTests.xctest */ = {isa = PBXFileReference; explicitFileType = wrapper.cfbundle; includeInIndex = 0; path = taptactoeTests.xctest; sourceTree = BUILT_PRODUCTS_DIR; };
		523A21A61DF8869E00F99370 /* taptactoeTests.swift */ = {isa = PBXFileReference; lastKnownFileType = sourcecode.swift; path = taptactoeTests.swift; sourceTree = "<group>"; };
		523A21A81DF8869E00F99370 /* Info.plist */ = {isa = PBXFileReference; lastKnownFileType = text.plist.xml; path = Info.plist; sourceTree = "<group>"; };
		523A21B11DF88AA600F99370 /* BoardViewController.swift */ = {isa = PBXFileReference; fileEncoding = 4; lastKnownFileType = sourcecode.swift; path = BoardViewController.swift; sourceTree = "<group>"; };
		523A21B91DF88C4900F99370 /* Board.swift */ = {isa = PBXFileReference; fileEncoding = 4; lastKnownFileType = sourcecode.swift; path = Board.swift; sourceTree = "<group>"; };
		523A21C11DF89E3500F99370 /* BoardCoordinator.swift */ = {isa = PBXFileReference; fileEncoding = 4; lastKnownFileType = sourcecode.swift; path = BoardCoordinator.swift; sourceTree = "<group>"; };
		523A21C51DF9196000F99370 /* Game.swift */ = {isa = PBXFileReference; fileEncoding = 4; lastKnownFileType = sourcecode.swift; path = Game.swift; sourceTree = "<group>"; };
		527893E21DFB1C1B00EEF5A6 /* RootViewController.swift */ = {isa = PBXFileReference; fileEncoding = 4; lastKnownFileType = sourcecode.swift; path = RootViewController.swift; sourceTree = "<group>"; };
		527893E81DFF2BA100EEF5A6 /* HeaderViewController.swift */ = {isa = PBXFileReference; fileEncoding = 4; lastKnownFileType = sourcecode.swift; path = HeaderViewController.swift; sourceTree = "<group>"; };
		527893EA1DFF320F00EEF5A6 /* FooterViewController.swift */ = {isa = PBXFileReference; fileEncoding = 4; lastKnownFileType = sourcecode.swift; path = FooterViewController.swift; sourceTree = "<group>"; };
		527893EC1E003C6F00EEF5A6 /* PlayerType.swift */ = {isa = PBXFileReference; fileEncoding = 4; lastKnownFileType = sourcecode.swift; path = PlayerType.swift; sourceTree = "<group>"; };
		527893EE1E006F4A00EEF5A6 /* Turn.swift */ = {isa = PBXFileReference; fileEncoding = 4; lastKnownFileType = sourcecode.swift; path = Turn.swift; sourceTree = "<group>"; };
		527893F41E017E3D00EEF5A6 /* UIKit+Extensions.swift */ = {isa = PBXFileReference; fileEncoding = 4; lastKnownFileType = sourcecode.swift; path = "UIKit+Extensions.swift"; sourceTree = "<group>"; };
		527893F61E01834D00EEF5A6 /* Outcome.swift */ = {isa = PBXFileReference; fileEncoding = 4; lastKnownFileType = sourcecode.swift; path = Outcome.swift; sourceTree = "<group>"; };
		527893F81E01889600EEF5A6 /* SquareView.swift */ = {isa = PBXFileReference; fileEncoding = 4; lastKnownFileType = sourcecode.swift; path = SquareView.swift; sourceTree = "<group>"; };
		527893FA1E01894800EEF5A6 /* Transform.swift */ = {isa = PBXFileReference; fileEncoding = 4; lastKnownFileType = sourcecode.swift; path = Transform.swift; sourceTree = "<group>"; };
/* End PBXFileReference section */

/* Begin PBXFrameworksBuildPhase section */
		523A218B1DF8869D00F99370 /* Frameworks */ = {
			isa = PBXFrameworksBuildPhase;
			buildActionMask = 2147483647;
			files = (
			);
			runOnlyForDeploymentPostprocessing = 0;
		};
		523A219F1DF8869E00F99370 /* Frameworks */ = {
			isa = PBXFrameworksBuildPhase;
			buildActionMask = 2147483647;
			files = (
			);
			runOnlyForDeploymentPostprocessing = 0;
		};
/* End PBXFrameworksBuildPhase section */

/* Begin PBXGroup section */
		523A21851DF8869D00F99370 = {
			isa = PBXGroup;
			children = (
				523A21901DF8869D00F99370 /* taptactoe */,
				523A21A51DF8869E00F99370 /* taptactoeTests */,
				523A218F1DF8869D00F99370 /* Products */,
			);
			sourceTree = "<group>";
		};
		523A218F1DF8869D00F99370 /* Products */ = {
			isa = PBXGroup;
			children = (
				523A218E1DF8869D00F99370 /* Tap Tac Toe.app */,
				523A21A21DF8869E00F99370 /* taptactoeTests.xctest */,
			);
			name = Products;
			sourceTree = "<group>";
		};
		523A21901DF8869D00F99370 /* taptactoe */ = {
			isa = PBXGroup;
			children = (
				523A21911DF8869D00F99370 /* AppDelegate.swift */,
				527893E21DFB1C1B00EEF5A6 /* RootViewController.swift */,
				523A21C11DF89E3500F99370 /* BoardCoordinator.swift */,
				527893E81DFF2BA100EEF5A6 /* HeaderViewController.swift */,
				523A21B11DF88AA600F99370 /* BoardViewController.swift */,
				527893F81E01889600EEF5A6 /* SquareView.swift */,
				527893EA1DFF320F00EEF5A6 /* FooterViewController.swift */,
				527893EC1E003C6F00EEF5A6 /* PlayerType.swift */,
				527893EE1E006F4A00EEF5A6 /* Turn.swift */,
				523A21C51DF9196000F99370 /* Game.swift */,
				523A21B91DF88C4900F99370 /* Board.swift */,
				527893F61E01834D00EEF5A6 /* Outcome.swift */,
				527893F41E017E3D00EEF5A6 /* UIKit+Extensions.swift */,
				527893FA1E01894800EEF5A6 /* Transform.swift */,
				523A21951DF8869D00F99370 /* Main.storyboard */,
				523A21981DF8869D00F99370 /* Assets.xcassets */,
				523A219A1DF8869D00F99370 /* LaunchScreen.storyboard */,
				523A219D1DF8869D00F99370 /* Info.plist */,
			);
			path = taptactoe;
			sourceTree = "<group>";
		};
		523A21A51DF8869E00F99370 /* taptactoeTests */ = {
			isa = PBXGroup;
			children = (
				523A21A61DF8869E00F99370 /* taptactoeTests.swift */,
				523A21A81DF8869E00F99370 /* Info.plist */,
			);
			path = taptactoeTests;
			sourceTree = "<group>";
		};
/* End PBXGroup section */

/* Begin PBXNativeTarget section */
		523A218D1DF8869D00F99370 /* taptactoe */ = {
			isa = PBXNativeTarget;
			buildConfigurationList = 523A21AB1DF8869E00F99370 /* Build configuration list for PBXNativeTarget "taptactoe" */;
			buildPhases = (
				523A218A1DF8869D00F99370 /* Sources */,
				523A218B1DF8869D00F99370 /* Frameworks */,
				523A218C1DF8869D00F99370 /* Resources */,
			);
			buildRules = (
			);
			dependencies = (
			);
			name = taptactoe;
			productName = taptactoe;
			productReference = 523A218E1DF8869D00F99370 /* Tap Tac Toe.app */;
			productType = "com.apple.product-type.application";
		};
		523A21A11DF8869E00F99370 /* taptactoeTests */ = {
			isa = PBXNativeTarget;
			buildConfigurationList = 523A21AE1DF8869E00F99370 /* Build configuration list for PBXNativeTarget "taptactoeTests" */;
			buildPhases = (
				523A219E1DF8869E00F99370 /* Sources */,
				523A219F1DF8869E00F99370 /* Frameworks */,
				523A21A01DF8869E00F99370 /* Resources */,
			);
			buildRules = (
			);
			dependencies = (
				523A21A41DF8869E00F99370 /* PBXTargetDependency */,
			);
			name = taptactoeTests;
			productName = taptactoeTests;
			productReference = 523A21A21DF8869E00F99370 /* taptactoeTests.xctest */;
			productType = "com.apple.product-type.bundle.unit-test";
		};
/* End PBXNativeTarget section */

/* Begin PBXProject section */
		523A21861DF8869D00F99370 /* Project object */ = {
			isa = PBXProject;
			attributes = {
				LastSwiftUpdateCheck = 0810;
				LastUpgradeCheck = 0820;
				ORGANIZATIONNAME = proxpero;
				TargetAttributes = {
					523A218D1DF8869D00F99370 = {
						CreatedOnToolsVersion = 8.1;
						DevelopmentTeam = 55SVD8WGE3;
						ProvisioningStyle = Automatic;
					};
					523A21A11DF8869E00F99370 = {
						CreatedOnToolsVersion = 8.1;
						DevelopmentTeam = 55SVD8WGE3;
						ProvisioningStyle = Automatic;
						TestTargetID = 523A218D1DF8869D00F99370;
					};
				};
			};
			buildConfigurationList = 523A21891DF8869D00F99370 /* Build configuration list for PBXProject "taptactoe" */;
			compatibilityVersion = "Xcode 3.2";
			developmentRegion = English;
			hasScannedForEncodings = 0;
			knownRegions = (
				en,
				Base,
			);
			mainGroup = 523A21851DF8869D00F99370;
			productRefGroup = 523A218F1DF8869D00F99370 /* Products */;
			projectDirPath = "";
			projectRoot = "";
			targets = (
				523A218D1DF8869D00F99370 /* taptactoe */,
				523A21A11DF8869E00F99370 /* taptactoeTests */,
			);
		};
/* End PBXProject section */

/* Begin PBXResourcesBuildPhase section */
		523A218C1DF8869D00F99370 /* Resources */ = {
			isa = PBXResourcesBuildPhase;
			buildActionMask = 2147483647;
			files = (
				523A219C1DF8869D00F99370 /* LaunchScreen.storyboard in Resources */,
				523A21991DF8869D00F99370 /* Assets.xcassets in Resources */,
				523A21971DF8869D00F99370 /* Main.storyboard in Resources */,
			);
			runOnlyForDeploymentPostprocessing = 0;
		};
		523A21A01DF8869E00F99370 /* Resources */ = {
			isa = PBXResourcesBuildPhase;
			buildActionMask = 2147483647;
			files = (
			);
			runOnlyForDeploymentPostprocessing = 0;
		};
/* End PBXResourcesBuildPhase section */

/* Begin PBXSourcesBuildPhase section */
		523A218A1DF8869D00F99370 /* Sources */ = {
			isa = PBXSourcesBuildPhase;
			buildActionMask = 2147483647;
			files = (
				527893EF1E006F4A00EEF5A6 /* Turn.swift in Sources */,
				523A21BA1DF88C4900F99370 /* Board.swift in Sources */,
				527893E91DFF2BA100EEF5A6 /* HeaderViewController.swift in Sources */,
				523A21C61DF9196000F99370 /* Game.swift in Sources */,
				527893EB1DFF320F00EEF5A6 /* FooterViewController.swift in Sources */,
				527893E31DFB1C1B00EEF5A6 /* RootViewController.swift in Sources */,
				523A21921DF8869D00F99370 /* AppDelegate.swift in Sources */,
				527893F91E01889600EEF5A6 /* SquareView.swift in Sources */,
				527893F51E017E3D00EEF5A6 /* UIKit+Extensions.swift in Sources */,
				527893F71E01834D00EEF5A6 /* Outcome.swift in Sources */,
				527893FB1E01894800EEF5A6 /* Transform.swift in Sources */,
				523A21B21DF88AA600F99370 /* BoardViewController.swift in Sources */,
				527893ED1E003C6F00EEF5A6 /* PlayerType.swift in Sources */,
				523A21C21DF89E3500F99370 /* BoardCoordinator.swift in Sources */,
			);
			runOnlyForDeploymentPostprocessing = 0;
		};
		523A219E1DF8869E00F99370 /* Sources */ = {
			isa = PBXSourcesBuildPhase;
			buildActionMask = 2147483647;
			files = (
				523A21A71DF8869E00F99370 /* taptactoeTests.swift in Sources */,
			);
			runOnlyForDeploymentPostprocessing = 0;
		};
/* End PBXSourcesBuildPhase section */

/* Begin PBXTargetDependency section */
		523A21A41DF8869E00F99370 /* PBXTargetDependency */ = {
			isa = PBXTargetDependency;
			target = 523A218D1DF8869D00F99370 /* taptactoe */;
			targetProxy = 523A21A31DF8869E00F99370 /* PBXContainerItemProxy */;
		};
/* End PBXTargetDependency section */

/* Begin PBXVariantGroup section */
		523A21951DF8869D00F99370 /* Main.storyboard */ = {
			isa = PBXVariantGroup;
			children = (
				523A21961DF8869D00F99370 /* Base */,
			);
			name = Main.storyboard;
			sourceTree = "<group>";
		};
		523A219A1DF8869D00F99370 /* LaunchScreen.storyboard */ = {
			isa = PBXVariantGroup;
			children = (
				523A219B1DF8869D00F99370 /* Base */,
			);
			name = LaunchScreen.storyboard;
			sourceTree = "<group>";
		};
/* End PBXVariantGroup section */

/* Begin XCBuildConfiguration section */
		523A21A91DF8869E00F99370 /* Debug */ = {
			isa = XCBuildConfiguration;
			buildSettings = {
				ALWAYS_SEARCH_USER_PATHS = NO;
				CLANG_ANALYZER_NONNULL = YES;
				CLANG_CXX_LANGUAGE_STANDARD = "gnu++0x";
				CLANG_CXX_LIBRARY = "libc++";
				CLANG_ENABLE_MODULES = YES;
				CLANG_ENABLE_OBJC_ARC = YES;
				CLANG_WARN_BOOL_CONVERSION = YES;
				CLANG_WARN_CONSTANT_CONVERSION = YES;
				CLANG_WARN_DIRECT_OBJC_ISA_USAGE = YES_ERROR;
				CLANG_WARN_DOCUMENTATION_COMMENTS = YES;
				CLANG_WARN_EMPTY_BODY = YES;
				CLANG_WARN_ENUM_CONVERSION = YES;
				CLANG_WARN_INFINITE_RECURSION = YES;
				CLANG_WARN_INT_CONVERSION = YES;
				CLANG_WARN_OBJC_ROOT_CLASS = YES_ERROR;
				CLANG_WARN_SUSPICIOUS_MOVE = YES;
				CLANG_WARN_SUSPICIOUS_MOVES = YES;
				CLANG_WARN_UNREACHABLE_CODE = YES;
				CLANG_WARN__DUPLICATE_METHOD_MATCH = YES;
				"CODE_SIGN_IDENTITY[sdk=iphoneos*]" = "iPhone Developer";
				COPY_PHASE_STRIP = NO;
				DEBUG_INFORMATION_FORMAT = dwarf;
				ENABLE_STRICT_OBJC_MSGSEND = YES;
				ENABLE_TESTABILITY = YES;
				GCC_C_LANGUAGE_STANDARD = gnu99;
				GCC_DYNAMIC_NO_PIC = NO;
				GCC_NO_COMMON_BLOCKS = YES;
				GCC_OPTIMIZATION_LEVEL = 0;
				GCC_PREPROCESSOR_DEFINITIONS = (
					"DEBUG=1",
					"$(inherited)",
				);
				GCC_WARN_64_TO_32_BIT_CONVERSION = YES;
				GCC_WARN_ABOUT_RETURN_TYPE = YES_ERROR;
				GCC_WARN_UNDECLARED_SELECTOR = YES;
				GCC_WARN_UNINITIALIZED_AUTOS = YES_AGGRESSIVE;
				GCC_WARN_UNUSED_FUNCTION = YES;
				GCC_WARN_UNUSED_VARIABLE = YES;
				IPHONEOS_DEPLOYMENT_TARGET = 10.1;
				MTL_ENABLE_DEBUG_INFO = YES;
				ONLY_ACTIVE_ARCH = YES;
				SDKROOT = iphoneos;
				SWIFT_ACTIVE_COMPILATION_CONDITIONS = DEBUG;
				SWIFT_OPTIMIZATION_LEVEL = "-Onone";
				TARGETED_DEVICE_FAMILY = "1,2";
			};
			name = Debug;
		};
		523A21AA1DF8869E00F99370 /* Release */ = {
			isa = XCBuildConfiguration;
			buildSettings = {
				ALWAYS_SEARCH_USER_PATHS = NO;
				CLANG_ANALYZER_NONNULL = YES;
				CLANG_CXX_LANGUAGE_STANDARD = "gnu++0x";
				CLANG_CXX_LIBRARY = "libc++";
				CLANG_ENABLE_MODULES = YES;
				CLANG_ENABLE_OBJC_ARC = YES;
				CLANG_WARN_BOOL_CONVERSION = YES;
				CLANG_WARN_CONSTANT_CONVERSION = YES;
				CLANG_WARN_DIRECT_OBJC_ISA_USAGE = YES_ERROR;
				CLANG_WARN_DOCUMENTATION_COMMENTS = YES;
				CLANG_WARN_EMPTY_BODY = YES;
				CLANG_WARN_ENUM_CONVERSION = YES;
				CLANG_WARN_INFINITE_RECURSION = YES;
				CLANG_WARN_INT_CONVERSION = YES;
				CLANG_WARN_OBJC_ROOT_CLASS = YES_ERROR;
				CLANG_WARN_SUSPICIOUS_MOVE = YES;
				CLANG_WARN_SUSPICIOUS_MOVES = YES;
				CLANG_WARN_UNREACHABLE_CODE = YES;
				CLANG_WARN__DUPLICATE_METHOD_MATCH = YES;
				"CODE_SIGN_IDENTITY[sdk=iphoneos*]" = "iPhone Developer";
				COPY_PHASE_STRIP = NO;
				DEBUG_INFORMATION_FORMAT = "dwarf-with-dsym";
				ENABLE_NS_ASSERTIONS = NO;
				ENABLE_STRICT_OBJC_MSGSEND = YES;
				GCC_C_LANGUAGE_STANDARD = gnu99;
				GCC_NO_COMMON_BLOCKS = YES;
				GCC_WARN_64_TO_32_BIT_CONVERSION = YES;
				GCC_WARN_ABOUT_RETURN_TYPE = YES_ERROR;
				GCC_WARN_UNDECLARED_SELECTOR = YES;
				GCC_WARN_UNINITIALIZED_AUTOS = YES_AGGRESSIVE;
				GCC_WARN_UNUSED_FUNCTION = YES;
				GCC_WARN_UNUSED_VARIABLE = YES;
				IPHONEOS_DEPLOYMENT_TARGET = 10.1;
				MTL_ENABLE_DEBUG_INFO = NO;
				SDKROOT = iphoneos;
				SWIFT_OPTIMIZATION_LEVEL = "-Owholemodule";
				TARGETED_DEVICE_FAMILY = "1,2";
				VALIDATE_PRODUCT = YES;
			};
			name = Release;
		};
		523A21AC1DF8869E00F99370 /* Debug */ = {
			isa = XCBuildConfiguration;
			buildSettings = {
				ASSETCATALOG_COMPILER_APPICON_NAME = AppIcon;
				"CODE_SIGN_IDENTITY[sdk=iphoneos*]" = "iPhone Developer";
				DEVELOPMENT_TEAM = "";
				INFOPLIST_FILE = taptactoe/Info.plist;
				LD_RUNPATH_SEARCH_PATHS = "$(inherited) @executable_path/Frameworks";
				PRODUCT_BUNDLE_IDENTIFIER = com.proxpero.taptactoe.iOS;
				PRODUCT_NAME = "Tap Tac Toe";
				PROVISIONING_PROFILE = "";
				PROVISIONING_PROFILE_SPECIFIER = "";
				SWIFT_VERSION = 3.0;
			};
			name = Debug;
		};
		523A21AD1DF8869E00F99370 /* Release */ = {
			isa = XCBuildConfiguration;
			buildSettings = {
				ASSETCATALOG_COMPILER_APPICON_NAME = AppIcon;
				"CODE_SIGN_IDENTITY[sdk=iphoneos*]" = "iPhone Developer";
				DEVELOPMENT_TEAM = "";
				INFOPLIST_FILE = taptactoe/Info.plist;
				LD_RUNPATH_SEARCH_PATHS = "$(inherited) @executable_path/Frameworks";
				PRODUCT_BUNDLE_IDENTIFIER = com.proxpero.taptactoe.iOS;
				PRODUCT_NAME = "Tap Tac Toe";
				PROVISIONING_PROFILE = "";
				PROVISIONING_PROFILE_SPECIFIER = "";
				SWIFT_VERSION = 3.0;
			};
			name = Release;
		};
		523A21AF1DF8869E00F99370 /* Debug */ = {
			isa = XCBuildConfiguration;
			buildSettings = {
				ALWAYS_EMBED_SWIFT_STANDARD_LIBRARIES = YES;
				BUNDLE_LOADER = "$(TEST_HOST)";
				DEVELOPMENT_TEAM = 55SVD8WGE3;
				INFOPLIST_FILE = taptactoeTests/Info.plist;
				LD_RUNPATH_SEARCH_PATHS = "$(inherited) @executable_path/Frameworks @loader_path/Frameworks";
				PRODUCT_BUNDLE_IDENTIFIER = "Todd-Olsen.taptactoeTests";
				PRODUCT_NAME = "$(TARGET_NAME)";
				SWIFT_VERSION = 3.0;
				TEST_HOST = "$(BUILT_PRODUCTS_DIR)/taptactoe.app/taptactoe";
			};
			name = Debug;
		};
		523A21B01DF8869E00F99370 /* Release */ = {
			isa = XCBuildConfiguration;
			buildSettings = {
				ALWAYS_EMBED_SWIFT_STANDARD_LIBRARIES = YES;
				BUNDLE_LOADER = "$(TEST_HOST)";
				DEVELOPMENT_TEAM = 55SVD8WGE3;
				INFOPLIST_FILE = taptactoeTests/Info.plist;
				LD_RUNPATH_SEARCH_PATHS = "$(inherited) @executable_path/Frameworks @loader_path/Frameworks";
				PRODUCT_BUNDLE_IDENTIFIER = "Todd-Olsen.taptactoeTests";
				PRODUCT_NAME = "$(TARGET_NAME)";
				SWIFT_VERSION = 3.0;
				TEST_HOST = "$(BUILT_PRODUCTS_DIR)/taptactoe.app/taptactoe";
			};
			name = Release;
		};
/* End XCBuildConfiguration section */

/* Begin XCConfigurationList section */
		523A21891DF8869D00F99370 /* Build configuration list for PBXProject "taptactoe" */ = {
			isa = XCConfigurationList;
			buildConfigurations = (
				523A21A91DF8869E00F99370 /* Debug */,
				523A21AA1DF8869E00F99370 /* Release */,
			);
			defaultConfigurationIsVisible = 0;
			defaultConfigurationName = Release;
		};
		523A21AB1DF8869E00F99370 /* Build configuration list for PBXNativeTarget "taptactoe" */ = {
			isa = XCConfigurationList;
			buildConfigurations = (
				523A21AC1DF8869E00F99370 /* Debug */,
				523A21AD1DF8869E00F99370 /* Release */,
			);
			defaultConfigurationIsVisible = 0;
			defaultConfigurationName = Release;
		};
		523A21AE1DF8869E00F99370 /* Build configuration list for PBXNativeTarget "taptactoeTests" */ = {
			isa = XCConfigurationList;
			buildConfigurations = (
				523A21AF1DF8869E00F99370 /* Debug */,
				523A21B01DF8869E00F99370 /* Release */,
			);
			defaultConfigurationIsVisible = 0;
			defaultConfigurationName = Release;
		};
/* End XCConfigurationList section */
	};
	rootObject = 523A21861DF8869D00F99370 /* Project object */;
}
